
Microsoft Visual Studio Solution File, Format Version 12.00
# Visual Studio Version 17
VisualStudioVersion = 17.5.33502.453
MinimumVisualStudioVersion = 10.0.40219.1
Project("{FAE04EC0-301F-11D3-BF4B-00C04F79EFBC}") = "BookStoreApp", "BookStoreApp.csproj", "{04F0C46D-0E3D-41C8-9DF2-FD70657AFD3B}"
EndProject
Project("{FAE04EC0-301F-11D3-BF4B-00C04F79EFBC}") = "DataLayer", "..\DataLayer\DataLayer.csproj", "{269C4DB1-30F4-469E-BF04-8FA8774F233F}"
EndProject
Global
	GlobalSection(SolutionConfigurationPlatforms) = preSolution
		Debug|Any CPU = Debug|Any CPU
		Release|Any CPU = Release|Any CPU
	EndGlobalSection
	GlobalSection(ProjectConfigurationPlatforms) = postSolution
		{04F0C46D-0E3D-41C8-9DF2-FD70657AFD3B}.Debug|Any CPU.ActiveCfg = Debug|Any CPU
		{04F0C46D-0E3D-41C8-9DF2-FD70657AFD3B}.Debug|Any CPU.Build.0 = Debug|Any CPU
		{04F0C46D-0E3D-41C8-9DF2-FD70657AFD3B}.Release|Any CPU.ActiveCfg = Release|Any CPU
		{04F0C46D-0E3D-41C8-9DF2-FD70657AFD3B}.Release|Any CPU.Build.0 = Release|Any CPU
		{269C4DB1-30F4-469E-BF04-8FA8774F233F}.Debug|Any CPU.ActiveCfg = Debug|Any CPU
		{269C4DB1-30F4-469E-BF04-8FA8774F233F}.Debug|Any CPU.Build.0 = Debug|Any CPU
		{269C4DB1-30F4-469E-BF04-8FA8774F233F}.Release|Any CPU.ActiveCfg = Release|Any CPU
		{269C4DB1-30F4-469E-BF04-8FA8774F233F}.Release|Any CPU.Build.0 = Release|Any CPU
	EndGlobalSection
	GlobalSection(SolutionProperties) = preSolution
		HideSolutionNode = FALSE
	EndGlobalSection
	GlobalSection(ExtensibilityGlobals) = postSolution
		SolutionGuid = {3F829665-0EF5-4D63-B74F-082558E488DB}
	EndGlobalSection
EndGlobal
