
Microsoft Visual Studio Solution File, Format Version 12.00
# Visual Studio Version 17
VisualStudioVersion = 17.5.33502.453
MinimumVisualStudioVersion = 10.0.40219.1
Project("{FAE04EC0-301F-11D3-BF4B-00C04F79EFBC}") = "EFCoreFundamentals", "EFCoreFundamentals.csproj", "{1D9DA103-9342-4B80-B11C-4FC720DEB214}"
EndProject
Global
	GlobalSection(SolutionConfigurationPlatforms) = preSolution
		Debug|Any CPU = Debug|Any CPU
		Release|Any CPU = Release|Any CPU
	EndGlobalSection
	GlobalSection(ProjectConfigurationPlatforms) = postSolution
		{1D9DA103-9342-4B80-B11C-4FC720DEB214}.Debug|Any CPU.ActiveCfg = Debug|Any CPU
		{1D9DA103-9342-4B80-B11C-4FC720DEB214}.Debug|Any CPU.Build.0 = Debug|Any CPU
		{1D9DA103-9342-4B80-B11C-4FC720DEB214}.Release|Any CPU.ActiveCfg = Release|Any CPU
		{1D9DA103-9342-4B80-B11C-4FC720DEB214}.Release|Any CPU.Build.0 = Release|Any CPU
	EndGlobalSection
	GlobalSection(SolutionProperties) = preSolution
		HideSolutionNode = FALSE
	EndGlobalSection
	GlobalSection(ExtensibilityGlobals) = postSolution
		SolutionGuid = {56EF410F-28EB-4766-8F6A-DBB5946C7BD5}
	EndGlobalSection
EndGlobal
